
Microsoft Visual Studio Solution File, Format Version 12.00
# Visual Studio 15
VisualStudioVersion = 15.0.27703.2035
MinimumVisualStudioVersion = 10.0.40219.1
Project("{FAE04EC0-301F-11D3-BF4B-00C04F79EFBC}") = "CartAPI", "CartAPI\CartAPI.csproj", "{A5CA0B30-3477-44BA-A9DE-9A08D95516EC}"
EndProject
Global
	GlobalSection(SolutionConfigurationPlatforms) = preSolution
		Debug|Any CPU = Debug|Any CPU
		Release|Any CPU = Release|Any CPU
	EndGlobalSection
	GlobalSection(ProjectConfigurationPlatforms) = postSolution
		{A5CA0B30-3477-44BA-A9DE-9A08D95516EC}.Debug|Any CPU.ActiveCfg = Debug|Any CPU
		{A5CA0B30-3477-44BA-A9DE-9A08D95516EC}.Debug|Any CPU.Build.0 = Debug|Any CPU
		{A5CA0B30-3477-44BA-A9DE-9A08D95516EC}.Release|Any CPU.ActiveCfg = Release|Any CPU
		{A5CA0B30-3477-44BA-A9DE-9A08D95516EC}.Release|Any CPU.Build.0 = Release|Any CPU
	EndGlobalSection
	GlobalSection(SolutionProperties) = preSolution
		HideSolutionNode = FALSE
	EndGlobalSection
	GlobalSection(ExtensibilityGlobals) = postSolution
		SolutionGuid = {705A0A12-1361-49E6-BFD3-7B59D7F90F9B}
	EndGlobalSection
EndGlobal
